// !$*UTF8*$!
{
	archiveVersion = 1;
	classes = {
	};
	objectVersion = 50;
	objects = {

/* Begin PBXBuildFile section */
		7D4CF8DF22A7BB9D00B5ABFC /* FeedParser.swift in Sources */ = {isa = PBXBuildFile; fileRef = 7D4CF8DE22A7BB9D00B5ABFC /* FeedParser.swift */; };
		7D55C48E22AA60FD0036FF92 /* FavouritesController.swift in Sources */ = {isa = PBXBuildFile; fileRef = 7D55C48D22AA60FD0036FF92 /* FavouritesController.swift */; };
		7D55C49222AA77E30036FF92 /* Assets.xcassets in Resources */ = {isa = PBXBuildFile; fileRef = 7D55C49122AA77E30036FF92 /* Assets.xcassets */; };
		7D829E2E22B75D5B001A968C /* ArticleCollectionCell.swift in Sources */ = {isa = PBXBuildFile; fileRef = 7D829E2D22B75D5B001A968C /* ArticleCollectionCell.swift */; };
		7D9B6C62229E43BA00232473 /* AppDelegate.swift in Sources */ = {isa = PBXBuildFile; fileRef = 7D9B6C61229E43BA00232473 /* AppDelegate.swift */; };
		7D9B6C67229E43BA00232473 /* Main.storyboard in Resources */ = {isa = PBXBuildFile; fileRef = 7D9B6C65229E43BA00232473 /* Main.storyboard */; };
		7D9B6C6A229E43BA00232473 /* RssNews.xcdatamodeld in Sources */ = {isa = PBXBuildFile; fileRef = 7D9B6C68229E43BA00232473 /* RssNews.xcdatamodeld */; };
		7D9B6C6F229E43BA00232473 /* LaunchScreen.storyboard in Resources */ = {isa = PBXBuildFile; fileRef = 7D9B6C6D229E43BA00232473 /* LaunchScreen.storyboard */; };
		7D9B6C77229E441000232473 /* NewsController.swift in Sources */ = {isa = PBXBuildFile; fileRef = 7D9B6C76229E441000232473 /* NewsController.swift */; };
		7D9B6C7B229E443F00232473 /* Model.swift in Sources */ = {isa = PBXBuildFile; fileRef = 7D9B6C7A229E443F00232473 /* Model.swift */; };
		7D9B6C83229E4E6900232473 /* Article+CoreDataClass.swift in Sources */ = {isa = PBXBuildFile; fileRef = 7D9B6C7F229E4E6900232473 /* Article+CoreDataClass.swift */; };
		7D9B6C84229E4E6900232473 /* Article+CoreDataProperties.swift in Sources */ = {isa = PBXBuildFile; fileRef = 7D9B6C80229E4E6900232473 /* Article+CoreDataProperties.swift */; };
		7D9B6C85229E4E6900232473 /* Channel+CoreDataClass.swift in Sources */ = {isa = PBXBuildFile; fileRef = 7D9B6C81229E4E6900232473 /* Channel+CoreDataClass.swift */; };
		7D9B6C86229E4E6900232473 /* Channel+CoreDataProperties.swift in Sources */ = {isa = PBXBuildFile; fileRef = 7D9B6C82229E4E6900232473 /* Channel+CoreDataProperties.swift */; };
		7D9B6C88229E50CE00232473 /* CoreDataManager.swift in Sources */ = {isa = PBXBuildFile; fileRef = 7D9B6C87229E50CE00232473 /* CoreDataManager.swift */; };
		7D9B6C8A229E5C3400232473 /* ChannelsController.swift in Sources */ = {isa = PBXBuildFile; fileRef = 7D9B6C89229E5C3400232473 /* ChannelsController.swift */; };
		7D9B6C8C229E89A800232473 /* ArticleCell.swift in Sources */ = {isa = PBXBuildFile; fileRef = 7D9B6C8B229E89A800232473 /* ArticleCell.swift */; };
		7D9DDC4122B35F34002C13E9 /* CollectionViewController.swift in Sources */ = {isa = PBXBuildFile; fileRef = 7D9DDC4022B35F34002C13E9 /* CollectionViewController.swift */; };
		7DB097EE22A9033F003629C5 /* Extensions.swift in Sources */ = {isa = PBXBuildFile; fileRef = 7DB097ED22A9033F003629C5 /* Extensions.swift */; };
		7DB097F122A91841003629C5 /* Favourite+CoreDataClass.swift in Sources */ = {isa = PBXBuildFile; fileRef = 7DB097EF22A91841003629C5 /* Favourite+CoreDataClass.swift */; };
		7DB097F222A91841003629C5 /* Favourite+CoreDataProperties.swift in Sources */ = {isa = PBXBuildFile; fileRef = 7DB097F022A91841003629C5 /* Favourite+CoreDataProperties.swift */; };
/* End PBXBuildFile section */

/* Begin PBXFileReference section */
		7D4CF8DE22A7BB9D00B5ABFC /* FeedParser.swift */ = {isa = PBXFileReference; lastKnownFileType = sourcecode.swift; path = FeedParser.swift; sourceTree = "<group>"; };
		7D55C48D22AA60FD0036FF92 /* FavouritesController.swift */ = {isa = PBXFileReference; lastKnownFileType = sourcecode.swift; path = FavouritesController.swift; sourceTree = "<group>"; };
		7D55C49122AA77E30036FF92 /* Assets.xcassets */ = {isa = PBXFileReference; lastKnownFileType = folder.assetcatalog; path = Assets.xcassets; sourceTree = "<group>"; };
		7D829E2D22B75D5B001A968C /* ArticleCollectionCell.swift */ = {isa = PBXFileReference; lastKnownFileType = sourcecode.swift; path = ArticleCollectionCell.swift; sourceTree = "<group>"; };
		7D9B6C5E229E43BA00232473 /* RssNews.app */ = {isa = PBXFileReference; explicitFileType = wrapper.application; includeInIndex = 0; path = RssNews.app; sourceTree = BUILT_PRODUCTS_DIR; };
		7D9B6C61229E43BA00232473 /* AppDelegate.swift */ = {isa = PBXFileReference; lastKnownFileType = sourcecode.swift; path = AppDelegate.swift; sourceTree = "<group>"; };
		7D9B6C66229E43BA00232473 /* Base */ = {isa = PBXFileReference; lastKnownFileType = file.storyboard; name = Base; path = Base.lproj/Main.storyboard; sourceTree = "<group>"; };
		7D9B6C69229E43BA00232473 /* RssNews.xcdatamodel */ = {isa = PBXFileReference; lastKnownFileType = wrapper.xcdatamodel; path = RssNews.xcdatamodel; sourceTree = "<group>"; };
		7D9B6C6E229E43BA00232473 /* Base */ = {isa = PBXFileReference; lastKnownFileType = file.storyboard; name = Base; path = Base.lproj/LaunchScreen.storyboard; sourceTree = "<group>"; };
		7D9B6C70229E43BA00232473 /* Info.plist */ = {isa = PBXFileReference; lastKnownFileType = text.plist.xml; path = Info.plist; sourceTree = "<group>"; };
		7D9B6C76229E441000232473 /* NewsController.swift */ = {isa = PBXFileReference; lastKnownFileType = sourcecode.swift; path = NewsController.swift; sourceTree = "<group>"; };
		7D9B6C7A229E443F00232473 /* Model.swift */ = {isa = PBXFileReference; lastKnownFileType = sourcecode.swift; path = Model.swift; sourceTree = "<group>"; };
		7D9B6C7F229E4E6900232473 /* Article+CoreDataClass.swift */ = {isa = PBXFileReference; lastKnownFileType = sourcecode.swift; path = "Article+CoreDataClass.swift"; sourceTree = "<group>"; };
		7D9B6C80229E4E6900232473 /* Article+CoreDataProperties.swift */ = {isa = PBXFileReference; lastKnownFileType = sourcecode.swift; path = "Article+CoreDataProperties.swift"; sourceTree = "<group>"; };
		7D9B6C81229E4E6900232473 /* Channel+CoreDataClass.swift */ = {isa = PBXFileReference; lastKnownFileType = sourcecode.swift; path = "Channel+CoreDataClass.swift"; sourceTree = "<group>"; };
		7D9B6C82229E4E6900232473 /* Channel+CoreDataProperties.swift */ = {isa = PBXFileReference; lastKnownFileType = sourcecode.swift; path = "Channel+CoreDataProperties.swift"; sourceTree = "<group>"; };
		7D9B6C87229E50CE00232473 /* CoreDataManager.swift */ = {isa = PBXFileReference; lastKnownFileType = sourcecode.swift; path = CoreDataManager.swift; sourceTree = "<group>"; };
		7D9B6C89229E5C3400232473 /* ChannelsController.swift */ = {isa = PBXFileReference; lastKnownFileType = sourcecode.swift; path = ChannelsController.swift; sourceTree = "<group>"; };
		7D9B6C8B229E89A800232473 /* ArticleCell.swift */ = {isa = PBXFileReference; lastKnownFileType = sourcecode.swift; path = ArticleCell.swift; sourceTree = "<group>"; };
		7D9DDC4022B35F34002C13E9 /* CollectionViewController.swift */ = {isa = PBXFileReference; lastKnownFileType = sourcecode.swift; path = CollectionViewController.swift; sourceTree = "<group>"; };
		7DB097ED22A9033F003629C5 /* Extensions.swift */ = {isa = PBXFileReference; lastKnownFileType = sourcecode.swift; path = Extensions.swift; sourceTree = "<group>"; };
		7DB097EF22A91841003629C5 /* Favourite+CoreDataClass.swift */ = {isa = PBXFileReference; lastKnownFileType = sourcecode.swift; path = "Favourite+CoreDataClass.swift"; sourceTree = "<group>"; };
		7DB097F022A91841003629C5 /* Favourite+CoreDataProperties.swift */ = {isa = PBXFileReference; lastKnownFileType = sourcecode.swift; path = "Favourite+CoreDataProperties.swift"; sourceTree = "<group>"; };
/* End PBXFileReference section */

/* Begin PBXFrameworksBuildPhase section */
		7D9B6C5B229E43BA00232473 /* Frameworks */ = {
			isa = PBXFrameworksBuildPhase;
			buildActionMask = 2147483647;
			files = (
			);
			runOnlyForDeploymentPostprocessing = 0;
		};
/* End PBXFrameworksBuildPhase section */

/* Begin PBXGroup section */
		7D9B6C55229E43BA00232473 = {
			isa = PBXGroup;
			children = (
				7D9B6C60229E43BA00232473 /* RssNews */,
				7D9B6C5F229E43BA00232473 /* Products */,
			);
			sourceTree = "<group>";
		};
		7D9B6C5F229E43BA00232473 /* Products */ = {
			isa = PBXGroup;
			children = (
				7D9B6C5E229E43BA00232473 /* RssNews.app */,
			);
			name = Products;
			sourceTree = "<group>";
		};
		7D9B6C60229E43BA00232473 /* RssNews */ = {
			isa = PBXGroup;
			children = (
				7D9B6C79229E442400232473 /* Data */,
				7D9B6C78229E441600232473 /* Controllers */,
				7D9B6C61229E43BA00232473 /* AppDelegate.swift */,
				7D9B6C8B229E89A800232473 /* ArticleCell.swift */,
				7D829E2D22B75D5B001A968C /* ArticleCollectionCell.swift */,
				7D9B6C65229E43BA00232473 /* Main.storyboard */,
				7D9B6C6D229E43BA00232473 /* LaunchScreen.storyboard */,
				7D55C49122AA77E30036FF92 /* Assets.xcassets */,
				7D9B6C70229E43BA00232473 /* Info.plist */,
			);
			path = RssNews;
			sourceTree = "<group>";
		};
		7D9B6C78229E441600232473 /* Controllers */ = {
			isa = PBXGroup;
			children = (
				7D9B6C76229E441000232473 /* NewsController.swift */,
				7D55C48D22AA60FD0036FF92 /* FavouritesController.swift */,
				7D9B6C89229E5C3400232473 /* ChannelsController.swift */,
				7D9DDC4022B35F34002C13E9 /* CollectionViewController.swift */,
			);
			path = Controllers;
			sourceTree = "<group>";
		};
		7D9B6C79229E442400232473 /* Data */ = {
			isa = PBXGroup;
			children = (
				7D9B6C7E229E4D5400232473 /* CoreData */,
				7D9B6C7A229E443F00232473 /* Model.swift */,
				7DB097ED22A9033F003629C5 /* Extensions.swift */,
				7D4CF8DE22A7BB9D00B5ABFC /* FeedParser.swift */,
			);
			path = Data;
			sourceTree = "<group>";
		};
		7D9B6C7E229E4D5400232473 /* CoreData */ = {
			isa = PBXGroup;
			children = (
				7DB097EF22A91841003629C5 /* Favourite+CoreDataClass.swift */,
				7DB097F022A91841003629C5 /* Favourite+CoreDataProperties.swift */,
				7D9B6C7F229E4E6900232473 /* Article+CoreDataClass.swift */,
				7D9B6C80229E4E6900232473 /* Article+CoreDataProperties.swift */,
				7D9B6C81229E4E6900232473 /* Channel+CoreDataClass.swift */,
				7D9B6C82229E4E6900232473 /* Channel+CoreDataProperties.swift */,
				7D9B6C68229E43BA00232473 /* RssNews.xcdatamodeld */,
				7D9B6C87229E50CE00232473 /* CoreDataManager.swift */,
			);
			path = CoreData;
			sourceTree = "<group>";
		};
/* End PBXGroup section */

/* Begin PBXNativeTarget section */
		7D9B6C5D229E43BA00232473 /* RssNews */ = {
			isa = PBXNativeTarget;
			buildConfigurationList = 7D9B6C73229E43BA00232473 /* Build configuration list for PBXNativeTarget "RssNews" */;
			buildPhases = (
				7D9B6C5A229E43BA00232473 /* Sources */,
				7D9B6C5B229E43BA00232473 /* Frameworks */,
				7D9B6C5C229E43BA00232473 /* Resources */,
			);
			buildRules = (
			);
			dependencies = (
			);
			name = RssNews;
			productName = RssNews;
			productReference = 7D9B6C5E229E43BA00232473 /* RssNews.app */;
			productType = "com.apple.product-type.application";
		};
/* End PBXNativeTarget section */

/* Begin PBXProject section */
		7D9B6C56229E43BA00232473 /* Project object */ = {
			isa = PBXProject;
			attributes = {
				LastSwiftUpdateCheck = 1020;
				LastUpgradeCheck = 1020;
				ORGANIZATIONNAME = "Igor Pinaev";
				TargetAttributes = {
					7D9B6C5D229E43BA00232473 = {
						CreatedOnToolsVersion = 10.2.1;
					};
				};
			};
			buildConfigurationList = 7D9B6C59229E43BA00232473 /* Build configuration list for PBXProject "RssNews" */;
			compatibilityVersion = "Xcode 9.3";
			developmentRegion = en;
			hasScannedForEncodings = 0;
			knownRegions = (
				en,
				Base,
			);
			mainGroup = 7D9B6C55229E43BA00232473;
			productRefGroup = 7D9B6C5F229E43BA00232473 /* Products */;
			projectDirPath = "";
			projectRoot = "";
			targets = (
				7D9B6C5D229E43BA00232473 /* RssNews */,
			);
		};
/* End PBXProject section */

/* Begin PBXResourcesBuildPhase section */
		7D9B6C5C229E43BA00232473 /* Resources */ = {
			isa = PBXResourcesBuildPhase;
			buildActionMask = 2147483647;
			files = (
				7D9B6C6F229E43BA00232473 /* LaunchScreen.storyboard in Resources */,
				7D55C49222AA77E30036FF92 /* Assets.xcassets in Resources */,
				7D9B6C67229E43BA00232473 /* Main.storyboard in Resources */,
			);
			runOnlyForDeploymentPostprocessing = 0;
		};
/* End PBXResourcesBuildPhase section */

/* Begin PBXSourcesBuildPhase section */
		7D9B6C5A229E43BA00232473 /* Sources */ = {
			isa = PBXSourcesBuildPhase;
			buildActionMask = 2147483647;
			files = (
				7D9B6C83229E4E6900232473 /* Article+CoreDataClass.swift in Sources */,
				7DB097F222A91841003629C5 /* Favourite+CoreDataProperties.swift in Sources */,
				7D9B6C77229E441000232473 /* NewsController.swift in Sources */,
				7D9B6C62229E43BA00232473 /* AppDelegate.swift in Sources */,
				7D829E2E22B75D5B001A968C /* ArticleCollectionCell.swift in Sources */,
				7D9B6C85229E4E6900232473 /* Channel+CoreDataClass.swift in Sources */,
				7D55C48E22AA60FD0036FF92 /* FavouritesController.swift in Sources */,
				7D9B6C6A229E43BA00232473 /* RssNews.xcdatamodeld in Sources */,
				7D4CF8DF22A7BB9D00B5ABFC /* FeedParser.swift in Sources */,
				7D9B6C7B229E443F00232473 /* Model.swift in Sources */,
				7D9DDC4122B35F34002C13E9 /* CollectionViewController.swift in Sources */,
				7D9B6C84229E4E6900232473 /* Article+CoreDataProperties.swift in Sources */,
				7D9B6C8C229E89A800232473 /* ArticleCell.swift in Sources */,
				7D9B6C88229E50CE00232473 /* CoreDataManager.swift in Sources */,
				7DB097F122A91841003629C5 /* Favourite+CoreDataClass.swift in Sources */,
				7D9B6C86229E4E6900232473 /* Channel+CoreDataProperties.swift in Sources */,
				7D9B6C8A229E5C3400232473 /* ChannelsController.swift in Sources */,
				7DB097EE22A9033F003629C5 /* Extensions.swift in Sources */,
			);
			runOnlyForDeploymentPostprocessing = 0;
		};
/* End PBXSourcesBuildPhase section */

/* Begin PBXVariantGroup section */
		7D9B6C65229E43BA00232473 /* Main.storyboard */ = {
			isa = PBXVariantGroup;
			children = (
				7D9B6C66229E43BA00232473 /* Base */,
			);
			name = Main.storyboard;
			sourceTree = "<group>";
		};
		7D9B6C6D229E43BA00232473 /* LaunchScreen.storyboard */ = {
			isa = PBXVariantGroup;
			children = (
				7D9B6C6E229E43BA00232473 /* Base */,
			);
			name = LaunchScreen.storyboard;
			sourceTree = "<group>";
		};
/* End PBXVariantGroup section */

/* Begin XCBuildConfiguration section */
		7D9B6C71229E43BA00232473 /* Debug */ = {
			isa = XCBuildConfiguration;
			buildSettings = {
				ALWAYS_SEARCH_USER_PATHS = NO;
				CLANG_ANALYZER_NONNULL = YES;
				CLANG_ANALYZER_NUMBER_OBJECT_CONVERSION = YES_AGGRESSIVE;
				CLANG_CXX_LANGUAGE_STANDARD = "gnu++14";
				CLANG_CXX_LIBRARY = "libc++";
				CLANG_ENABLE_MODULES = YES;
				CLANG_ENABLE_OBJC_ARC = YES;
				CLANG_ENABLE_OBJC_WEAK = YES;
				CLANG_WARN_BLOCK_CAPTURE_AUTORELEASING = YES;
				CLANG_WARN_BOOL_CONVERSION = YES;
				CLANG_WARN_COMMA = YES;
				CLANG_WARN_CONSTANT_CONVERSION = YES;
				CLANG_WARN_DEPRECATED_OBJC_IMPLEMENTATIONS = YES;
				CLANG_WARN_DIRECT_OBJC_ISA_USAGE = YES_ERROR;
				CLANG_WARN_DOCUMENTATION_COMMENTS = YES;
				CLANG_WARN_EMPTY_BODY = YES;
				CLANG_WARN_ENUM_CONVERSION = YES;
				CLANG_WARN_INFINITE_RECURSION = YES;
				CLANG_WARN_INT_CONVERSION = YES;
				CLANG_WARN_NON_LITERAL_NULL_CONVERSION = YES;
				CLANG_WARN_OBJC_IMPLICIT_RETAIN_SELF = YES;
				CLANG_WARN_OBJC_LITERAL_CONVERSION = YES;
				CLANG_WARN_OBJC_ROOT_CLASS = YES_ERROR;
				CLANG_WARN_RANGE_LOOP_ANALYSIS = YES;
				CLANG_WARN_STRICT_PROTOTYPES = YES;
				CLANG_WARN_SUSPICIOUS_MOVE = YES;
				CLANG_WARN_UNGUARDED_AVAILABILITY = YES_AGGRESSIVE;
				CLANG_WARN_UNREACHABLE_CODE = YES;
				CLANG_WARN__DUPLICATE_METHOD_MATCH = YES;
				CODE_SIGN_IDENTITY = "iPhone Developer";
				COPY_PHASE_STRIP = NO;
				DEBUG_INFORMATION_FORMAT = dwarf;
				ENABLE_STRICT_OBJC_MSGSEND = YES;
				ENABLE_TESTABILITY = YES;
				GCC_C_LANGUAGE_STANDARD = gnu11;
				GCC_DYNAMIC_NO_PIC = NO;
				GCC_NO_COMMON_BLOCKS = YES;
				GCC_OPTIMIZATION_LEVEL = 0;
				GCC_PREPROCESSOR_DEFINITIONS = (
					"DEBUG=1",
					"$(inherited)",
				);
				GCC_WARN_64_TO_32_BIT_CONVERSION = YES;
				GCC_WARN_ABOUT_RETURN_TYPE = YES_ERROR;
				GCC_WARN_UNDECLARED_SELECTOR = YES;
				GCC_WARN_UNINITIALIZED_AUTOS = YES_AGGRESSIVE;
				GCC_WARN_UNUSED_FUNCTION = YES;
				GCC_WARN_UNUSED_VARIABLE = YES;
				IPHONEOS_DEPLOYMENT_TARGET = 12.2;
				MTL_ENABLE_DEBUG_INFO = INCLUDE_SOURCE;
				MTL_FAST_MATH = YES;
				ONLY_ACTIVE_ARCH = YES;
				SDKROOT = iphoneos;
				SWIFT_ACTIVE_COMPILATION_CONDITIONS = DEBUG;
				SWIFT_OPTIMIZATION_LEVEL = "-Onone";
			};
			name = Debug;
		};
		7D9B6C72229E43BA00232473 /* Release */ = {
			isa = XCBuildConfiguration;
			buildSettings = {
				ALWAYS_SEARCH_USER_PATHS = NO;
				CLANG_ANALYZER_NONNULL = YES;
				CLANG_ANALYZER_NUMBER_OBJECT_CONVERSION = YES_AGGRESSIVE;
				CLANG_CXX_LANGUAGE_STANDARD = "gnu++14";
				CLANG_CXX_LIBRARY = "libc++";
				CLANG_ENABLE_MODULES = YES;
				CLANG_ENABLE_OBJC_ARC = YES;
				CLANG_ENABLE_OBJC_WEAK = YES;
				CLANG_WARN_BLOCK_CAPTURE_AUTORELEASING = YES;
				CLANG_WARN_BOOL_CONVERSION = YES;
				CLANG_WARN_COMMA = YES;
				CLANG_WARN_CONSTANT_CONVERSION = YES;
				CLANG_WARN_DEPRECATED_OBJC_IMPLEMENTATIONS = YES;
				CLANG_WARN_DIRECT_OBJC_ISA_USAGE = YES_ERROR;
				CLANG_WARN_DOCUMENTATION_COMMENTS = YES;
				CLANG_WARN_EMPTY_BODY = YES;
				CLANG_WARN_ENUM_CONVERSION = YES;
				CLANG_WARN_INFINITE_RECURSION = YES;
				CLANG_WARN_INT_CONVERSION = YES;
				CLANG_WARN_NON_LITERAL_NULL_CONVERSION = YES;
				CLANG_WARN_OBJC_IMPLICIT_RETAIN_SELF = YES;
				CLANG_WARN_OBJC_LITERAL_CONVERSION = YES;
				CLANG_WARN_OBJC_ROOT_CLASS = YES_ERROR;
				CLANG_WARN_RANGE_LOOP_ANALYSIS = YES;
				CLANG_WARN_STRICT_PROTOTYPES = YES;
				CLANG_WARN_SUSPICIOUS_MOVE = YES;
				CLANG_WARN_UNGUARDED_AVAILABILITY = YES_AGGRESSIVE;
				CLANG_WARN_UNREACHABLE_CODE = YES;
				CLANG_WARN__DUPLICATE_METHOD_MATCH = YES;
				CODE_SIGN_IDENTITY = "iPhone Developer";
				COPY_PHASE_STRIP = NO;
				DEBUG_INFORMATION_FORMAT = "dwarf-with-dsym";
				ENABLE_NS_ASSERTIONS = NO;
				ENABLE_STRICT_OBJC_MSGSEND = YES;
				GCC_C_LANGUAGE_STANDARD = gnu11;
				GCC_NO_COMMON_BLOCKS = YES;
				GCC_WARN_64_TO_32_BIT_CONVERSION = YES;
				GCC_WARN_ABOUT_RETURN_TYPE = YES_ERROR;
				GCC_WARN_UNDECLARED_SELECTOR = YES;
				GCC_WARN_UNINITIALIZED_AUTOS = YES_AGGRESSIVE;
				GCC_WARN_UNUSED_FUNCTION = YES;
				GCC_WARN_UNUSED_VARIABLE = YES;
				IPHONEOS_DEPLOYMENT_TARGET = 12.2;
				MTL_ENABLE_DEBUG_INFO = NO;
				MTL_FAST_MATH = YES;
				SDKROOT = iphoneos;
				SWIFT_COMPILATION_MODE = wholemodule;
				SWIFT_OPTIMIZATION_LEVEL = "-O";
				VALIDATE_PRODUCT = YES;
			};
			name = Release;
		};
		7D9B6C74229E43BA00232473 /* Debug */ = {
			isa = XCBuildConfiguration;
			buildSettings = {
				ASSETCATALOG_COMPILER_APPICON_NAME = AppIcon;
				CODE_SIGN_STYLE = Automatic;
				DEVELOPMENT_TEAM = QH46V8ML59;
				INFOPLIST_FILE = RssNews/Info.plist;
				LD_RUNPATH_SEARCH_PATHS = (
					"$(inherited)",
					"@executable_path/Frameworks",
				);
				PRODUCT_BUNDLE_IDENTIFIER = com.IPinaev.RssNews;
				PRODUCT_NAME = "$(TARGET_NAME)";
				SWIFT_VERSION = 5.0;
				TARGETED_DEVICE_FAMILY = "1,2";
			};
			name = Debug;
		};
		7D9B6C75229E43BA00232473 /* Release */ = {
			isa = XCBuildConfiguration;
			buildSettings = {
				ASSETCATALOG_COMPILER_APPICON_NAME = AppIcon;
				CODE_SIGN_STYLE = Automatic;
				DEVELOPMENT_TEAM = QH46V8ML59;
				INFOPLIST_FILE = RssNews/Info.plist;
				LD_RUNPATH_SEARCH_PATHS = (
					"$(inherited)",
					"@executable_path/Frameworks",
				);
				PRODUCT_BUNDLE_IDENTIFIER = com.IPinaev.RssNews;
				PRODUCT_NAME = "$(TARGET_NAME)";
				SWIFT_VERSION = 5.0;
				TARGETED_DEVICE_FAMILY = "1,2";
			};
			name = Release;
		};
/* End XCBuildConfiguration section */

/* Begin XCConfigurationList section */
		7D9B6C59229E43BA00232473 /* Build configuration list for PBXProject "RssNews" */ = {
			isa = XCConfigurationList;
			buildConfigurations = (
				7D9B6C71229E43BA00232473 /* Debug */,
				7D9B6C72229E43BA00232473 /* Release */,
			);
			defaultConfigurationIsVisible = 0;
			defaultConfigurationName = Release;
		};
		7D9B6C73229E43BA00232473 /* Build configuration list for PBXNativeTarget "RssNews" */ = {
			isa = XCConfigurationList;
			buildConfigurations = (
				7D9B6C74229E43BA00232473 /* Debug */,
				7D9B6C75229E43BA00232473 /* Release */,
			);
			defaultConfigurationIsVisible = 0;
			defaultConfigurationName = Release;
		};
/* End XCConfigurationList section */

/* Begin XCVersionGroup section */
		7D9B6C68229E43BA00232473 /* RssNews.xcdatamodeld */ = {
			isa = XCVersionGroup;
			children = (
				7D9B6C69229E43BA00232473 /* RssNews.xcdatamodel */,
			);
			currentVersion = 7D9B6C69229E43BA00232473 /* RssNews.xcdatamodel */;
			path = RssNews.xcdatamodeld;
			sourceTree = "<group>";
			versionGroupType = wrapper.xcdatamodel;
		};
/* End XCVersionGroup section */
	};
	rootObject = 7D9B6C56229E43BA00232473 /* Project object */;
}
